
Microsoft Visual Studio Solution File, Format Version 12.00
# Visual Studio Version 17
VisualStudioVersion = 17.14.36127.28 d17.14
MinimumVisualStudioVersion = 10.0.40219.1
Project("{FAE04EC0-301F-11D3-BF4B-00C04F79EFBC}") = "Selenium Automation", "Selenium Automation\Selenium Automation.csproj", "{16FDD335-1ADF-4B09-8874-0FCCC3F8FBCD}"
EndProject
Global
	GlobalSection(SolutionConfigurationPlatforms) = preSolution
		Debug|Any CPU = Debug|Any CPU
		Release|Any CPU = Release|Any CPU
	EndGlobalSection
	GlobalSection(ProjectConfigurationPlatforms) = postSolution
		{16FDD335-1ADF-4B09-8874-0FCCC3F8FBCD}.Debug|Any CPU.ActiveCfg = Debug|Any CPU
		{16FDD335-1ADF-4B09-8874-0FCCC3F8FBCD}.Debug|Any CPU.Build.0 = Debug|Any CPU
		{16FDD335-1ADF-4B09-8874-0FCCC3F8FBCD}.Release|Any CPU.ActiveCfg = Release|Any CPU
		{16FDD335-1ADF-4B09-8874-0FCCC3F8FBCD}.Release|Any CPU.Build.0 = Release|Any CPU
	EndGlobalSection
	GlobalSection(SolutionProperties) = preSolution
		HideSolutionNode = FALSE
	EndGlobalSection
	GlobalSection(ExtensibilityGlobals) = postSolution
		SolutionGuid = {D4A37F20-E330-48B6-949A-EDE636F44741}
	EndGlobalSection
EndGlobal
